
Microsoft Visual Studio Solution File, Format Version 11.00
# Visual Studio 2010
Project("{FAE04EC0-301F-11D3-BF4B-00C04F79EFBC}") = "DrivingToTheWar", "Assembly-CSharp.csproj", "{704E3E28-FA64-1D93-3EDF-39851F366551}"
EndProject
Project("{FAE04EC0-301F-11D3-BF4B-00C04F79EFBC}") = "DrivingToTheWar", "Assembly-CSharp-Editor.csproj", "{F8C8414B-A251-F312-C66D-884DBCA81D11}"
EndProject
Global
	GlobalSection(SolutionConfigurationPlatforms) = preSolution
		Debug|Any CPU = Debug|Any CPU
		Release|Any CPU = Release|Any CPU
	EndGlobalSection
	GlobalSection(ProjectConfigurationPlatforms) = postSolution
		{704E3E28-FA64-1D93-3EDF-39851F366551}.Debug|Any CPU.ActiveCfg = Debug|Any CPU
		{704E3E28-FA64-1D93-3EDF-39851F366551}.Debug|Any CPU.Build.0 = Debug|Any CPU
		{704E3E28-FA64-1D93-3EDF-39851F366551}.Release|Any CPU.ActiveCfg = Release|Any CPU
		{704E3E28-FA64-1D93-3EDF-39851F366551}.Release|Any CPU.Build.0 = Release|Any CPU
		{F8C8414B-A251-F312-C66D-884DBCA81D11}.Debug|Any CPU.ActiveCfg = Debug|Any CPU
		{F8C8414B-A251-F312-C66D-884DBCA81D11}.Debug|Any CPU.Build.0 = Debug|Any CPU
		{F8C8414B-A251-F312-C66D-884DBCA81D11}.Release|Any CPU.ActiveCfg = Release|Any CPU
		{F8C8414B-A251-F312-C66D-884DBCA81D11}.Release|Any CPU.Build.0 = Release|Any CPU
	EndGlobalSection
	GlobalSection(SolutionProperties) = preSolution
		HideSolutionNode = FALSE
	EndGlobalSection
	GlobalSection(MonoDevelopProperties) = preSolution
		StartupItem = Assembly-CSharp.csproj
	EndGlobalSection
EndGlobal
