
Microsoft Visual Studio Solution File, Format Version 12.00
# Visual Studio 2017
Project("{FAE04EC0-301F-11D3-BF4B-00C04F79EFBC}") = "DrivingToTheWar Ver 0.3", "DrivingToTheWar Ver 0.3.csproj", "{7496BDB7-5D03-1B7F-9AC9-79F077A032FD}"
EndProject
Project("{FAE04EC0-301F-11D3-BF4B-00C04F79EFBC}") = "DrivingToTheWar Ver 0.3.Editor", "DrivingToTheWar Ver 0.3.Editor.csproj", "{917F0D94-2F7E-6926-346F-36136A8A8707}"
EndProject
Global
	GlobalSection(SolutionConfigurationPlatforms) = preSolution
		Debug|Any CPU = Debug|Any CPU
		Release|Any CPU = Release|Any CPU
	EndGlobalSection
	GlobalSection(ProjectConfigurationPlatforms) = postSolution
		{7496BDB7-5D03-1B7F-9AC9-79F077A032FD}.Debug|Any CPU.ActiveCfg = Debug|Any CPU
		{7496BDB7-5D03-1B7F-9AC9-79F077A032FD}.Debug|Any CPU.Build.0 = Debug|Any CPU
		{7496BDB7-5D03-1B7F-9AC9-79F077A032FD}.Release|Any CPU.ActiveCfg = Release|Any CPU
		{7496BDB7-5D03-1B7F-9AC9-79F077A032FD}.Release|Any CPU.Build.0 = Release|Any CPU
		{917F0D94-2F7E-6926-346F-36136A8A8707}.Debug|Any CPU.ActiveCfg = Debug|Any CPU
		{917F0D94-2F7E-6926-346F-36136A8A8707}.Debug|Any CPU.Build.0 = Debug|Any CPU
		{917F0D94-2F7E-6926-346F-36136A8A8707}.Release|Any CPU.ActiveCfg = Release|Any CPU
		{917F0D94-2F7E-6926-346F-36136A8A8707}.Release|Any CPU.Build.0 = Release|Any CPU
	EndGlobalSection
	GlobalSection(SolutionProperties) = preSolution
		HideSolutionNode = FALSE
	EndGlobalSection
EndGlobal
