
Microsoft Visual Studio Solution File, Format Version 12.00
# Visual Studio 2017
Project("{FAE04EC0-301F-11D3-BF4B-00C04F79EFBC}") = "DrivingToTheWar Ver 0.2", "DrivingToTheWar Ver 0.2.csproj", "{8F381D79-E3E5-1564-E8E0-BF4872E3FA10}"
EndProject
Project("{FAE04EC0-301F-11D3-BF4B-00C04F79EFBC}") = "DrivingToTheWar Ver 0.2.Editor", "DrivingToTheWar Ver 0.2.Editor.csproj", "{E7661D5C-D4E9-4693-B5B2-284BE63E288D}"
EndProject
Global
	GlobalSection(SolutionConfigurationPlatforms) = preSolution
		Debug|Any CPU = Debug|Any CPU
		Release|Any CPU = Release|Any CPU
	EndGlobalSection
	GlobalSection(ProjectConfigurationPlatforms) = postSolution
		{8F381D79-E3E5-1564-E8E0-BF4872E3FA10}.Debug|Any CPU.ActiveCfg = Debug|Any CPU
		{8F381D79-E3E5-1564-E8E0-BF4872E3FA10}.Debug|Any CPU.Build.0 = Debug|Any CPU
		{8F381D79-E3E5-1564-E8E0-BF4872E3FA10}.Release|Any CPU.ActiveCfg = Release|Any CPU
		{8F381D79-E3E5-1564-E8E0-BF4872E3FA10}.Release|Any CPU.Build.0 = Release|Any CPU
		{E7661D5C-D4E9-4693-B5B2-284BE63E288D}.Debug|Any CPU.ActiveCfg = Debug|Any CPU
		{E7661D5C-D4E9-4693-B5B2-284BE63E288D}.Debug|Any CPU.Build.0 = Debug|Any CPU
		{E7661D5C-D4E9-4693-B5B2-284BE63E288D}.Release|Any CPU.ActiveCfg = Release|Any CPU
		{E7661D5C-D4E9-4693-B5B2-284BE63E288D}.Release|Any CPU.Build.0 = Release|Any CPU
	EndGlobalSection
	GlobalSection(SolutionProperties) = preSolution
		HideSolutionNode = FALSE
	EndGlobalSection
EndGlobal
